
Microsoft Visual Studio Solution File, Format Version 12.00
# Visual Studio 2012
Project("{FAE04EC0-301F-11D3-BF4B-00C04F79EFBC}") = "Monografia", "Monografia\Monografia.csproj", "{1E2A179B-5E52-4676-B037-0D4556F7B821}"
EndProject
Global
	GlobalSection(SolutionConfigurationPlatforms) = preSolution
		Debug|Any CPU = Debug|Any CPU
		Release|Any CPU = Release|Any CPU
	EndGlobalSection
	GlobalSection(ProjectConfigurationPlatforms) = postSolution
		{1E2A179B-5E52-4676-B037-0D4556F7B821}.Debug|Any CPU.ActiveCfg = Debug|Any CPU
		{1E2A179B-5E52-4676-B037-0D4556F7B821}.Debug|Any CPU.Build.0 = Debug|Any CPU
		{1E2A179B-5E52-4676-B037-0D4556F7B821}.Release|Any CPU.ActiveCfg = Release|Any CPU
		{1E2A179B-5E52-4676-B037-0D4556F7B821}.Release|Any CPU.Build.0 = Release|Any CPU
	EndGlobalSection
EndGlobal
